
Microsoft Visual Studio Solution File, Format Version 11.00
# Visual Studio 2010
Project("{FAE04EC0-301F-11D3-BF4B-00C04F79EFBC}") = "Assembly-CSharp", "Assembly-CSharp.csproj", "{c3edd2cc-a473-bef4-1bfc-4ce093ecd158}"
EndProject
Project("{FAE04EC0-301F-11D3-BF4B-00C04F79EFBC}") = "Assembly-CSharp-Editor", "Assembly-CSharp-Editor.csproj", "{b60feb08-cdee-0cc8-ed08-9bf58ebae733}"
EndProject
Global
	GlobalSection(SolutionConfigurationPlatforms) = preSolution
		Debug|Any CPU = Debug|Any CPU
	EndGlobalSection
	GlobalSection(ProjectConfigurationPlatforms) = postSolution
		{c3edd2cc-a473-bef4-1bfc-4ce093ecd158}.Debug|Any CPU.ActiveCfg = Debug|Any CPU
		{c3edd2cc-a473-bef4-1bfc-4ce093ecd158}.Debug|Any CPU.Build.0 = Debug|Any CPU
		{b60feb08-cdee-0cc8-ed08-9bf58ebae733}.Debug|Any CPU.ActiveCfg = Debug|Any CPU
		{b60feb08-cdee-0cc8-ed08-9bf58ebae733}.Debug|Any CPU.Build.0 = Debug|Any CPU
	EndGlobalSection
	GlobalSection(SolutionProperties) = preSolution
		HideSolutionNode = FALSE
	EndGlobalSection
EndGlobal
